
Microsoft Visual Studio Solution File, Format Version 12.00
# Visual Studio 15
VisualStudioVersion = 15.0.27004.2009
MinimumVisualStudioVersion = 10.0.40219.1
Project("{FAE04EC0-301F-11D3-BF4B-00C04F79EFBC}") = "DESTest", "DESTest\DESTest.csproj", "{EC4AA1F8-3525-41D8-9371-EAA7F7739D52}"
EndProject
Global
	GlobalSection(SolutionConfigurationPlatforms) = preSolution
		Debug|Any CPU = Debug|Any CPU
		Release|Any CPU = Release|Any CPU
	EndGlobalSection
	GlobalSection(ProjectConfigurationPlatforms) = postSolution
		{EC4AA1F8-3525-41D8-9371-EAA7F7739D52}.Debug|Any CPU.ActiveCfg = Debug|Any CPU
		{EC4AA1F8-3525-41D8-9371-EAA7F7739D52}.Debug|Any CPU.Build.0 = Debug|Any CPU
		{EC4AA1F8-3525-41D8-9371-EAA7F7739D52}.Release|Any CPU.ActiveCfg = Release|Any CPU
		{EC4AA1F8-3525-41D8-9371-EAA7F7739D52}.Release|Any CPU.Build.0 = Release|Any CPU
	EndGlobalSection
	GlobalSection(SolutionProperties) = preSolution
		HideSolutionNode = FALSE
	EndGlobalSection
	GlobalSection(ExtensibilityGlobals) = postSolution
		SolutionGuid = {A269DCF2-232D-446F-8BBB-8DC8D0E40C9B}
	EndGlobalSection
EndGlobal
